<?xml version="1.0" encoding="utf-8"?>
<Project ToolsVersion="4.0" xmlns="http://schemas.microsoft.com/developer/msbuild/2003">
  <ItemGroup>
    <Filter Include="Quellcodedateien">
      <UniqueIdentifier>{abdcce18-7a45-4c37-a85a-3e2d512ded2c}</UniqueIdentifier>
      <Extensions>cpp;c;cxx;rc;def;r;odl;idl;hpj;bat</Extensions>
    </Filter>
    <Filter Include="Header-Dateien">
      <UniqueIdentifier>{ecec1484-2a94-4177-86dd-a82e307f8f01}</UniqueIdentifier>
      <Extensions>h;hpp;hxx;hm;inl</Extensions>
    </Filter>
    <Filter Include="Ressourcendateien">
      <UniqueIdentifier>{620eaf8d-a3b6-4a3a-8f9e-cf999094f4bd}</UniqueIdentifier>
      <Extensions>ico;cur;bmp;dlg;rc2;rct;bin;rgs;gif;jpg;jpeg;jpe</Extensions>
    </Filter>
  </ItemGroup>
  <ItemGroup>
    <ClCompile Include="..\duration.cpp">
      <Filter>Quellcodedateien</Filter>
    </ClCompile>
    <ClCompile Include="gmn2musicxml.cpp">
      <Filter>Quellcodedateien</Filter>
    </ClCompile>
    <ClCompile Include="..\..\parser-kit\guido.cpp">
      <Filter>Quellcodedateien</Filter>
    </ClCompile>
    <ClCompile Include="..\lgchord.cpp">
      <Filter>Quellcodedateien</Filter>
    </ClCompile>
    <ClCompile Include="..\lgempty.cpp">
      <Filter>Quellcodedateien</Filter>
    </ClCompile>
    <ClCompile Include="..\lgevent.cpp">
      <Filter>Quellcodedateien</Filter>
    </ClCompile>
    <ClCompile Include="..\lgfactory.cpp">
      <Filter>Quellcodedateien</Filter>
    </ClCompile>
    <ClCompile Include="..\lgguido.cpp">
      <Filter>Quellcodedateien</Filter>
    </ClCompile>
    <ClCompile Include="..\lgnote.cpp">
      <Filter>Quellcodedateien</Filter>
    </ClCompile>
    <ClCompile Include="..\lgobject.cpp">
      <Filter>Quellcodedateien</Filter>
    </ClCompile>
    <ClCompile Include="..\lgrest.cpp">
      <Filter>Quellcodedateien</Filter>
    </ClCompile>
    <ClCompile Include="..\lgsegment.cpp">
      <Filter>Quellcodedateien</Filter>
    </ClCompile>
    <ClCompile Include="..\lgsequence.cpp">
      <Filter>Quellcodedateien</Filter>
    </ClCompile>
    <ClCompile Include="..\lgtag.cpp">
      <Filter>Quellcodedateien</Filter>
    </ClCompile>
    <ClCompile Include="..\lgtagarg.cpp">
      <Filter>Quellcodedateien</Filter>
    </ClCompile>
    <ClCompile Include="..\lgVisitor.cpp">
      <Filter>Quellcodedateien</Filter>
    </ClCompile>
    <ClCompile Include="..\lgvoice.cpp">
      <Filter>Quellcodedateien</Filter>
    </ClCompile>
    <ClCompile Include="lgXMLfactory.cpp">
      <Filter>Quellcodedateien</Filter>
    </ClCompile>
    <ClCompile Include="main.cpp">
      <Filter>Quellcodedateien</Filter>
    </ClCompile>
    <ClCompile Include="..\..\parser-kit\strlist.c">
      <Filter>Quellcodedateien</Filter>
    </ClCompile>
  </ItemGroup>
  <ItemGroup>
    <ClInclude Include="..\duration.h">
      <Filter>Header-Dateien</Filter>
    </ClInclude>
    <ClInclude Include="gmn2musicxml.h">
      <Filter>Header-Dateien</Filter>
    </ClInclude>
    <ClInclude Include="..\..\parser-kit\guido.h">
      <Filter>Header-Dateien</Filter>
    </ClInclude>
    <ClInclude Include="..\lgchord.h">
      <Filter>Header-Dateien</Filter>
    </ClInclude>
    <ClInclude Include="..\lgempty.h">
      <Filter>Header-Dateien</Filter>
    </ClInclude>
    <ClInclude Include="..\lgevent.h">
      <Filter>Header-Dateien</Filter>
    </ClInclude>
    <ClInclude Include="..\lgfactory.h">
      <Filter>Header-Dateien</Filter>
    </ClInclude>
    <ClInclude Include="..\lgnote.h">
      <Filter>Header-Dateien</Filter>
    </ClInclude>
    <ClInclude Include="..\lgobject.h">
      <Filter>Header-Dateien</Filter>
    </ClInclude>
    <ClInclude Include="..\lgrest.h">
      <Filter>Header-Dateien</Filter>
    </ClInclude>
    <ClInclude Include="..\lgsegment.h">
      <Filter>Header-Dateien</Filter>
    </ClInclude>
    <ClInclude Include="..\lgsequence.h">
      <Filter>Header-Dateien</Filter>
    </ClInclude>
    <ClInclude Include="..\lgtag.h">
      <Filter>Header-Dateien</Filter>
    </ClInclude>
    <ClInclude Include="..\lgtagarg.h">
      <Filter>Header-Dateien</Filter>
    </ClInclude>
    <ClInclude Include="..\lgVisitor.h">
      <Filter>Header-Dateien</Filter>
    </ClInclude>
    <ClInclude Include="..\lgvoice.h">
      <Filter>Header-Dateien</Filter>
    </ClInclude>
    <ClInclude Include="lgxmlfactory.h">
      <Filter>Header-Dateien</Filter>
    </ClInclude>
    <ClInclude Include="..\..\parser-kit\naguido.h">
      <Filter>Header-Dateien</Filter>
    </ClInclude>
    <ClInclude Include="..\..\parser-kit\strlist.h">
      <Filter>Header-Dateien</Filter>
    </ClInclude>
  </ItemGroup>
  <ItemGroup>
    <None Include="..\test.gmn" />
    <None Include="..\test.gmn.xml" />
  </ItemGroup>
</Project>